
Microsoft Visual Studio Solution File, Format Version 12.00
# Visual Studio 15
VisualStudioVersion = 15.0.27130.0
MinimumVisualStudioVersion = 10.0.40219.1
Project("{FAE04EC0-301F-11D3-BF4B-00C04F79EFBC}") = "UrlsAndRoutes", "UrlsAndRoutes\UrlsAndRoutes.csproj", "{88AC7F07-74BE-47CD-8AC7-6844A97C58D0}"
EndProject
Global
	GlobalSection(SolutionConfigurationPlatforms) = preSolution
		Debug|Any CPU = Debug|Any CPU
		Release|Any CPU = Release|Any CPU
	EndGlobalSection
	GlobalSection(ProjectConfigurationPlatforms) = postSolution
		{88AC7F07-74BE-47CD-8AC7-6844A97C58D0}.Debug|Any CPU.ActiveCfg = Debug|Any CPU
		{88AC7F07-74BE-47CD-8AC7-6844A97C58D0}.Debug|Any CPU.Build.0 = Debug|Any CPU
		{88AC7F07-74BE-47CD-8AC7-6844A97C58D0}.Release|Any CPU.ActiveCfg = Release|Any CPU
		{88AC7F07-74BE-47CD-8AC7-6844A97C58D0}.Release|Any CPU.Build.0 = Release|Any CPU
	EndGlobalSection
	GlobalSection(SolutionProperties) = preSolution
		HideSolutionNode = FALSE
	EndGlobalSection
	GlobalSection(ExtensibilityGlobals) = postSolution
		SolutionGuid = {3D168DCA-6EB0-49B2-B624-1FC2CF9EFED4}
	EndGlobalSection
EndGlobal
